
Microsoft Visual Studio Solution File, Format Version 12.00
# Visual Studio Version 17
VisualStudioVersion = 17.8.34330.188
MinimumVisualStudioVersion = 10.0.40219.1
Project("{9A19103F-16F7-4668-BE54-9A1E7A4F7556}") = "ShyotaAIWildcards_json_generator", "ShyotaAIWildcards_json_generator.csproj", "{1CDE4244-5616-4191-87AC-6322CFDEA36B}"
EndProject
Global
	GlobalSection(SolutionConfigurationPlatforms) = preSolution
		Debug|Any CPU = Debug|Any CPU
		Release|Any CPU = Release|Any CPU
	EndGlobalSection
	GlobalSection(ProjectConfigurationPlatforms) = postSolution
		{1CDE4244-5616-4191-87AC-6322CFDEA36B}.Debug|Any CPU.ActiveCfg = Debug|Any CPU
		{1CDE4244-5616-4191-87AC-6322CFDEA36B}.Debug|Any CPU.Build.0 = Debug|Any CPU
		{1CDE4244-5616-4191-87AC-6322CFDEA36B}.Release|Any CPU.ActiveCfg = Release|Any CPU
		{1CDE4244-5616-4191-87AC-6322CFDEA36B}.Release|Any CPU.Build.0 = Release|Any CPU
	EndGlobalSection
	GlobalSection(SolutionProperties) = preSolution
		HideSolutionNode = FALSE
	EndGlobalSection
	GlobalSection(ExtensibilityGlobals) = postSolution
		SolutionGuid = {28B9751E-416D-4BC1-AD57-87F54DC5A285}
	EndGlobalSection
EndGlobal
